
Microsoft Visual Studio Solution File, Format Version 12.00
# Visual Studio Version 17
VisualStudioVersion = 17.2.32526.322
MinimumVisualStudioVersion = 10.0.40219.1
Project("{FAE04EC0-301F-11D3-BF4B-00C04F79EFBC}") = "WPFFileApppart2", "WPFFileApppart2\WPFFileApppart2.csproj", "{9DF3B89F-77E0-4A5E-96A9-32D44A363677}"
EndProject
Global
	GlobalSection(SolutionConfigurationPlatforms) = preSolution
		Debug|Any CPU = Debug|Any CPU
		Release|Any CPU = Release|Any CPU
	EndGlobalSection
	GlobalSection(ProjectConfigurationPlatforms) = postSolution
		{9DF3B89F-77E0-4A5E-96A9-32D44A363677}.Debug|Any CPU.ActiveCfg = Debug|Any CPU
		{9DF3B89F-77E0-4A5E-96A9-32D44A363677}.Debug|Any CPU.Build.0 = Debug|Any CPU
		{9DF3B89F-77E0-4A5E-96A9-32D44A363677}.Release|Any CPU.ActiveCfg = Release|Any CPU
		{9DF3B89F-77E0-4A5E-96A9-32D44A363677}.Release|Any CPU.Build.0 = Release|Any CPU
	EndGlobalSection
	GlobalSection(SolutionProperties) = preSolution
		HideSolutionNode = FALSE
	EndGlobalSection
	GlobalSection(ExtensibilityGlobals) = postSolution
		SolutionGuid = {C8202550-B913-418D-97CD-2BD2FDF95BEA}
	EndGlobalSection
EndGlobal
